{
  "requires": true,
  "lockfileVersion": 1,
  "dependencies": {
    "vuetify": {
      "version": "2.1.3",
      "resolved": "https://registry.npmjs.org/vuetify/-/vuetify-2.1.3.tgz",
      "integrity": "sha512-hZ5rGXqj6Q322bbJyaxw6Fr+vBI+1bO3ahDEfxGmdTZJnwespM/WOEL1CnWTc4hIfolaGFCZEkzrbNgkuyeZ1w=="
    }
  }
}
